
Microsoft Visual Studio Solution File, Format Version 12.00
# Visual Studio Version 17
VisualStudioVersion = 17.6.33815.320
MinimumVisualStudioVersion = 10.0.40219.1
Project("{9A19103F-16F7-4668-BE54-9A1E7A4F7556}") = "STAGE.2023.TEST", "STAGE.2023.TEST\STAGE.2023.TEST.csproj", "{40B16604-F0E3-4508-8B2E-756FB4C59A69}"
EndProject
Project("{9A19103F-16F7-4668-BE54-9A1E7A4F7556}") = "Test Desk", "Test Desk\Test Desk.csproj", "{AE5345AD-35D8-4622-BD05-14B867DF9EE1}"
EndProject
Project("{9A19103F-16F7-4668-BE54-9A1E7A4F7556}") = "STAGE.2023.TEST.Repository", "STAGE.2023.TEST.Repository\STAGE.2023.TEST.Repository.csproj", "{CBBA98E6-7329-4B81-B831-E2BAA38ED684}"
EndProject
Project("{9A19103F-16F7-4668-BE54-9A1E7A4F7556}") = "STAGE.2023.TEST.DataLayer.DB", "STAGE.2023.TEST.DataLayer.DB\STAGE.2023.TEST.DataLayer.DB.csproj", "{5C49BB7A-DA34-456B-8D60-D716871F1CCE}"
EndProject
Project("{9A19103F-16F7-4668-BE54-9A1E7A4F7556}") = "STAGE.2023.TEST.DataLayer", "STAGE.2023.TEST.DataLayer\STAGE.2023.TEST.DataLayer.csproj", "{9E2C7E52-9F4C-4A92-881A-80B19E31B2D4}"
EndProject
Project("{9A19103F-16F7-4668-BE54-9A1E7A4F7556}") = "STAGE.2023.TEST.Utils", "STAGE.2023.TEST.Utils\STAGE.2023.TEST.Utils.csproj", "{A21C1505-E027-44EB-801F-44E430F25387}"
EndProject
Project("{9A19103F-16F7-4668-BE54-9A1E7A4F7556}") = "STAGE.2023.TEST.API", "STAGE.2023.TEST.API\STAGE.2023.TEST.API.csproj", "{CDCA810B-6AF4-46B6-B66F-1B41F9D753B2}"
EndProject
Project("{00D1A9C2-B5F0-4AF3-8072-F6C62B433612}") = "STAGE.2023.TEST.DB", "STAGE.2023.TEST.DB\STAGE.2023.TEST.DB.sqlproj", "{0E8ECCB6-DAFB-40B8-8D92-FA3961551DDA}"
EndProject
Project("{FAE04EC0-301F-11D3-BF4B-00C04F79EFBC}") = "STAGE.2023.TEST.Entities", "STAGE.2023.TEST.Entities\STAGE.2023.TEST.Entities.csproj", "{4A50AD18-6ED1-49F0-9E13-5362B7D00782}"
EndProject
Global
	GlobalSection(SolutionConfigurationPlatforms) = preSolution
		Debug|Any CPU = Debug|Any CPU
		Release|Any CPU = Release|Any CPU
	EndGlobalSection
	GlobalSection(ProjectConfigurationPlatforms) = postSolution
		{40B16604-F0E3-4508-8B2E-756FB4C59A69}.Debug|Any CPU.ActiveCfg = Debug|Any CPU
		{40B16604-F0E3-4508-8B2E-756FB4C59A69}.Debug|Any CPU.Build.0 = Debug|Any CPU
		{40B16604-F0E3-4508-8B2E-756FB4C59A69}.Release|Any CPU.ActiveCfg = Release|Any CPU
		{40B16604-F0E3-4508-8B2E-756FB4C59A69}.Release|Any CPU.Build.0 = Release|Any CPU
		{AE5345AD-35D8-4622-BD05-14B867DF9EE1}.Debug|Any CPU.ActiveCfg = Debug|Any CPU
		{AE5345AD-35D8-4622-BD05-14B867DF9EE1}.Debug|Any CPU.Build.0 = Debug|Any CPU
		{AE5345AD-35D8-4622-BD05-14B867DF9EE1}.Release|Any CPU.ActiveCfg = Release|Any CPU
		{AE5345AD-35D8-4622-BD05-14B867DF9EE1}.Release|Any CPU.Build.0 = Release|Any CPU
		{CBBA98E6-7329-4B81-B831-E2BAA38ED684}.Debug|Any CPU.ActiveCfg = Debug|Any CPU
		{CBBA98E6-7329-4B81-B831-E2BAA38ED684}.Debug|Any CPU.Build.0 = Debug|Any CPU
		{CBBA98E6-7329-4B81-B831-E2BAA38ED684}.Release|Any CPU.ActiveCfg = Release|Any CPU
		{CBBA98E6-7329-4B81-B831-E2BAA38ED684}.Release|Any CPU.Build.0 = Release|Any CPU
		{5C49BB7A-DA34-456B-8D60-D716871F1CCE}.Debug|Any CPU.ActiveCfg = Debug|Any CPU
		{5C49BB7A-DA34-456B-8D60-D716871F1CCE}.Debug|Any CPU.Build.0 = Debug|Any CPU
		{5C49BB7A-DA34-456B-8D60-D716871F1CCE}.Release|Any CPU.ActiveCfg = Release|Any CPU
		{5C49BB7A-DA34-456B-8D60-D716871F1CCE}.Release|Any CPU.Build.0 = Release|Any CPU
		{9E2C7E52-9F4C-4A92-881A-80B19E31B2D4}.Debug|Any CPU.ActiveCfg = Debug|Any CPU
		{9E2C7E52-9F4C-4A92-881A-80B19E31B2D4}.Debug|Any CPU.Build.0 = Debug|Any CPU
		{9E2C7E52-9F4C-4A92-881A-80B19E31B2D4}.Release|Any CPU.ActiveCfg = Release|Any CPU
		{9E2C7E52-9F4C-4A92-881A-80B19E31B2D4}.Release|Any CPU.Build.0 = Release|Any CPU
		{A21C1505-E027-44EB-801F-44E430F25387}.Debug|Any CPU.ActiveCfg = Debug|Any CPU
		{A21C1505-E027-44EB-801F-44E430F25387}.Debug|Any CPU.Build.0 = Debug|Any CPU
		{A21C1505-E027-44EB-801F-44E430F25387}.Release|Any CPU.ActiveCfg = Release|Any CPU
		{A21C1505-E027-44EB-801F-44E430F25387}.Release|Any CPU.Build.0 = Release|Any CPU
		{CDCA810B-6AF4-46B6-B66F-1B41F9D753B2}.Debug|Any CPU.ActiveCfg = Debug|Any CPU
		{CDCA810B-6AF4-46B6-B66F-1B41F9D753B2}.Debug|Any CPU.Build.0 = Debug|Any CPU
		{CDCA810B-6AF4-46B6-B66F-1B41F9D753B2}.Release|Any CPU.ActiveCfg = Release|Any CPU
		{CDCA810B-6AF4-46B6-B66F-1B41F9D753B2}.Release|Any CPU.Build.0 = Release|Any CPU
		{0E8ECCB6-DAFB-40B8-8D92-FA3961551DDA}.Debug|Any CPU.ActiveCfg = Debug|Any CPU
		{0E8ECCB6-DAFB-40B8-8D92-FA3961551DDA}.Debug|Any CPU.Build.0 = Debug|Any CPU
		{0E8ECCB6-DAFB-40B8-8D92-FA3961551DDA}.Debug|Any CPU.Deploy.0 = Debug|Any CPU
		{0E8ECCB6-DAFB-40B8-8D92-FA3961551DDA}.Release|Any CPU.ActiveCfg = Release|Any CPU
		{0E8ECCB6-DAFB-40B8-8D92-FA3961551DDA}.Release|Any CPU.Build.0 = Release|Any CPU
		{0E8ECCB6-DAFB-40B8-8D92-FA3961551DDA}.Release|Any CPU.Deploy.0 = Release|Any CPU
		{4A50AD18-6ED1-49F0-9E13-5362B7D00782}.Debug|Any CPU.ActiveCfg = Debug|Any CPU
		{4A50AD18-6ED1-49F0-9E13-5362B7D00782}.Debug|Any CPU.Build.0 = Debug|Any CPU
		{4A50AD18-6ED1-49F0-9E13-5362B7D00782}.Release|Any CPU.ActiveCfg = Release|Any CPU
		{4A50AD18-6ED1-49F0-9E13-5362B7D00782}.Release|Any CPU.Build.0 = Release|Any CPU
	EndGlobalSection
	GlobalSection(SolutionProperties) = preSolution
		HideSolutionNode = FALSE
	EndGlobalSection
	GlobalSection(ExtensibilityGlobals) = postSolution
		SolutionGuid = {C4C4D8B5-324C-4F2B-8E31-1E5F68EEF976}
	EndGlobalSection
EndGlobal
